<?xml version="1.0" encoding="utf-8"?>
<Project ToolsVersion="4.0" xmlns="http://schemas.microsoft.com/developer/msbuild/2003">
  <ItemGroup>
    <Filter Include="Source Files">
      <UniqueIdentifier>{ef0811d8-5b3d-40e2-a4eb-c5a2d4878293}</UniqueIdentifier>
      <Extensions>cpp;c;cxx;rc;def;r;odl;idl;hpj;bat</Extensions>
    </Filter>
    <Filter Include="Header Files">
      <UniqueIdentifier>{064b2ec2-a94b-4c99-92c5-258d94197d8c}</UniqueIdentifier>
      <Extensions>h;hpp;hxx;hm;inl</Extensions>
    </Filter>
    <Filter Include="Resource Files">
      <UniqueIdentifier>{9adbf77f-66ec-4038-9e82-b13aa99990c2}</UniqueIdentifier>
      <Extensions>ico;cur;bmp;dlg;rc2;rct;bin;cnt;rtf;gif;jpg;jpeg;jpe</Extensions>
    </Filter>
    <Filter Include="Common">
      <UniqueIdentifier>{00eca865-b33c-47c0-8684-d8503f84a37d}</UniqueIdentifier>
    </Filter>
    <Filter Include="Share">
      <UniqueIdentifier>{47ce528e-3cfa-4ab7-870e-3cbca1d3e7e5}</UniqueIdentifier>
    </Filter>
  </ItemGroup>
  <ItemGroup>
    <ClCompile Include="ConfigDlg.cpp">
      <Filter>Source Files</Filter>
    </ClCompile>
    <ClCompile Include="MainFrm.cpp">
      <Filter>Source Files</Filter>
    </ClCompile>
    <ClCompile Include="StdAfx.cpp">
      <Filter>Source Files</Filter>
    </ClCompile>
    <ClCompile Include="Tangram.cpp">
      <Filter>Source Files</Filter>
    </ClCompile>
    <ClCompile Include="..\Common\Registry.cpp">
      <Filter>Common</Filter>
    </ClCompile>
    <ClCompile Include="..\Common\util.cpp">
      <Filter>Common</Filter>
    </ClCompile>
    <ClCompile Include="..\CANVAS\canvas_I_i.c">
      <Filter>Share</Filter>
    </ClCompile>
    <ClCompile Include="..\MODEL\model_c_i.c">
      <Filter>Share</Filter>
    </ClCompile>
    <ClCompile Include="..\MODEL\model_I_i.c">
      <Filter>Share</Filter>
    </ClCompile>
    <ClCompile Include="..\GDIWRLD\visual_i_i.c">
      <Filter>Share</Filter>
    </ClCompile>
    <ClCompile Include="..\GDIWRLD\world_I_i.c">
      <Filter>Share</Filter>
    </ClCompile>
  </ItemGroup>
  <ItemGroup>
    <ResourceCompile Include="Tangram.rc">
      <Filter>Source Files</Filter>
    </ResourceCompile>
  </ItemGroup>
  <ItemGroup>
    <ClInclude Include="ConfigDlg.h">
      <Filter>Header Files</Filter>
    </ClInclude>
    <ClInclude Include="MainFrm.h">
      <Filter>Header Files</Filter>
    </ClInclude>
    <ClInclude Include="Resource.h">
      <Filter>Header Files</Filter>
    </ClInclude>
    <ClInclude Include="StdAfx.h">
      <Filter>Header Files</Filter>
    </ClInclude>
    <ClInclude Include="Tangram.h">
      <Filter>Header Files</Filter>
    </ClInclude>
    <ClInclude Include="..\share\model_c.h">
      <Filter>Share</Filter>
    </ClInclude>
  </ItemGroup>
  <ItemGroup>
    <Image Include="res\Tangram.ico">
      <Filter>Resource Files</Filter>
    </Image>
    <Image Include="res\TangramDoc.ico">
      <Filter>Resource Files</Filter>
    </Image>
  </ItemGroup>
  <ItemGroup>
    <CustomBuild Include="res\Tangram.rc2">
      <Filter>Resource Files</Filter>
    </CustomBuild>
  </ItemGroup>
</Project>