<?xml version="1.0" encoding="utf-8"?>
<Project ToolsVersion="4.0" xmlns="http://schemas.microsoft.com/developer/msbuild/2003">
  <ItemGroup>
    <Filter Include="Source Files">
      <UniqueIdentifier>{035c99b5-d947-4af0-b4b6-cefa2d7133d1}</UniqueIdentifier>
      <Extensions>cpp;c;cxx;rc;def;r;odl;idl;hpj;bat</Extensions>
    </Filter>
    <Filter Include="Header Files">
      <UniqueIdentifier>{3d7b9b3c-af4b-4d8e-911b-63f14f5f3d12}</UniqueIdentifier>
      <Extensions>h;hpp;hxx;hm;inl</Extensions>
    </Filter>
    <Filter Include="Resource Files">
      <UniqueIdentifier>{3cc8b6ce-5a60-4734-aaba-e77631a39c66}</UniqueIdentifier>
      <Extensions>ico;cur;bmp;dlg;rc2;rct;bin;rgs;gif;jpg;jpeg;jpe</Extensions>
    </Filter>
  </ItemGroup>
  <ItemGroup>
    <ClCompile Include="CoText.cpp">
      <Filter>Source Files</Filter>
    </ClCompile>
    <ClCompile Include="cotextserver.cpp">
      <Filter>Source Files</Filter>
    </ClCompile>
    <ClCompile Include="iids.cpp">
      <Filter>Source Files</Filter>
    </ClCompile>
    <ClCompile Include="TextFactory.cpp">
      <Filter>Source Files</Filter>
    </ClCompile>
  </ItemGroup>
  <ItemGroup>
    <ClInclude Include="CoText.h">
      <Filter>Header Files</Filter>
    </ClInclude>
    <ClInclude Include="iids.h">
      <Filter>Header Files</Filter>
    </ClInclude>
    <ClInclude Include="interfaces.h">
      <Filter>Header Files</Filter>
    </ClInclude>
    <ClInclude Include="TextFactory.h">
      <Filter>Header Files</Filter>
    </ClInclude>
  </ItemGroup>
  <ItemGroup>
    <CustomBuild Include="..\CarInProcServer\cotextserver.def">
      <Filter>Source Files</Filter>
    </CustomBuild>
  </ItemGroup>
</Project>