
Microsoft Visual Studio Solution File, Format Version 12.00
# Visual Studio Version 16
VisualStudioVersion = 16.0.34114.132
MinimumVisualStudioVersion = 10.0.40219.1
Project("{8BC9CEB8-8B4A-11D0-8D11-00A0C91BC942}") = "Canvas", "CANVAS\Canvas.vcxproj", "{D30366D0-436D-4ED9-B864-D2C1F2F9F850}"
EndProject
Project("{8BC9CEB8-8B4A-11D0-8D11-00A0C91BC942}") = "GdiWrld", "GDIWRLD\GdiWrld.vcxproj", "{52F590E2-EAE4-48FC-A4C3-23F240DC6894}"
EndProject
Project("{8BC9CEB8-8B4A-11D0-8D11-00A0C91BC942}") = "GlWrld", "GLWRLD\GlWrld.vcxproj", "{29CE10EF-492A-4160-8903-13EE15601390}"
EndProject
Project("{8BC9CEB8-8B4A-11D0-8D11-00A0C91BC942}") = "Model", "MODEL\Model.vcxproj", "{70C478A0-D35C-444B-9E2A-C6CC0CB94D81}"
EndProject
Project("{8BC9CEB8-8B4A-11D0-8D11-00A0C91BC942}") = "Tangram", "TANGRAM\Tangram.vcxproj", "{87DB2349-F897-485E-B8BE-F0CDAEA71E12}"
EndProject
Global
	GlobalSection(SolutionConfigurationPlatforms) = preSolution
		Debug|x86 = Debug|x86
		Local Server Release|x86 = Local Server Release|x86
		Local Server|x86 = Local Server|x86
		Release|x86 = Release|x86
		Template|x86 = Template|x86
	EndGlobalSection
	GlobalSection(ProjectConfigurationPlatforms) = postSolution
		{D30366D0-436D-4ED9-B864-D2C1F2F9F850}.Debug|x86.ActiveCfg = Debug|Win32
		{D30366D0-436D-4ED9-B864-D2C1F2F9F850}.Debug|x86.Build.0 = Debug|Win32
		{D30366D0-436D-4ED9-B864-D2C1F2F9F850}.Local Server Release|x86.ActiveCfg = Release|Win32
		{D30366D0-436D-4ED9-B864-D2C1F2F9F850}.Local Server Release|x86.Build.0 = Release|Win32
		{D30366D0-436D-4ED9-B864-D2C1F2F9F850}.Local Server|x86.ActiveCfg = Debug|Win32
		{D30366D0-436D-4ED9-B864-D2C1F2F9F850}.Local Server|x86.Build.0 = Debug|Win32
		{D30366D0-436D-4ED9-B864-D2C1F2F9F850}.Release|x86.ActiveCfg = Release|Win32
		{D30366D0-436D-4ED9-B864-D2C1F2F9F850}.Release|x86.Build.0 = Release|Win32
		{D30366D0-436D-4ED9-B864-D2C1F2F9F850}.Template|x86.ActiveCfg = Debug|Win32
		{D30366D0-436D-4ED9-B864-D2C1F2F9F850}.Template|x86.Build.0 = Debug|Win32
		{52F590E2-EAE4-48FC-A4C3-23F240DC6894}.Debug|x86.ActiveCfg = Debug|Win32
		{52F590E2-EAE4-48FC-A4C3-23F240DC6894}.Debug|x86.Build.0 = Debug|Win32
		{52F590E2-EAE4-48FC-A4C3-23F240DC6894}.Local Server Release|x86.ActiveCfg = Release|Win32
		{52F590E2-EAE4-48FC-A4C3-23F240DC6894}.Local Server Release|x86.Build.0 = Release|Win32
		{52F590E2-EAE4-48FC-A4C3-23F240DC6894}.Local Server|x86.ActiveCfg = Debug|Win32
		{52F590E2-EAE4-48FC-A4C3-23F240DC6894}.Local Server|x86.Build.0 = Debug|Win32
		{52F590E2-EAE4-48FC-A4C3-23F240DC6894}.Release|x86.ActiveCfg = Release|Win32
		{52F590E2-EAE4-48FC-A4C3-23F240DC6894}.Release|x86.Build.0 = Release|Win32
		{52F590E2-EAE4-48FC-A4C3-23F240DC6894}.Template|x86.ActiveCfg = Template|Win32
		{52F590E2-EAE4-48FC-A4C3-23F240DC6894}.Template|x86.Build.0 = Template|Win32
		{29CE10EF-492A-4160-8903-13EE15601390}.Debug|x86.ActiveCfg = Debug|Win32
		{29CE10EF-492A-4160-8903-13EE15601390}.Debug|x86.Build.0 = Debug|Win32
		{29CE10EF-492A-4160-8903-13EE15601390}.Local Server Release|x86.ActiveCfg = Release|Win32
		{29CE10EF-492A-4160-8903-13EE15601390}.Local Server Release|x86.Build.0 = Release|Win32
		{29CE10EF-492A-4160-8903-13EE15601390}.Local Server|x86.ActiveCfg = Debug|Win32
		{29CE10EF-492A-4160-8903-13EE15601390}.Local Server|x86.Build.0 = Debug|Win32
		{29CE10EF-492A-4160-8903-13EE15601390}.Release|x86.ActiveCfg = Release|Win32
		{29CE10EF-492A-4160-8903-13EE15601390}.Release|x86.Build.0 = Release|Win32
		{29CE10EF-492A-4160-8903-13EE15601390}.Template|x86.ActiveCfg = Template|Win32
		{29CE10EF-492A-4160-8903-13EE15601390}.Template|x86.Build.0 = Template|Win32
		{70C478A0-D35C-444B-9E2A-C6CC0CB94D81}.Debug|x86.ActiveCfg = Debug|Win32
		{70C478A0-D35C-444B-9E2A-C6CC0CB94D81}.Debug|x86.Build.0 = Debug|Win32
		{70C478A0-D35C-444B-9E2A-C6CC0CB94D81}.Local Server Release|x86.ActiveCfg = Local Server Release|Win32
		{70C478A0-D35C-444B-9E2A-C6CC0CB94D81}.Local Server Release|x86.Build.0 = Local Server Release|Win32
		{70C478A0-D35C-444B-9E2A-C6CC0CB94D81}.Local Server|x86.ActiveCfg = Local Server|Win32
		{70C478A0-D35C-444B-9E2A-C6CC0CB94D81}.Local Server|x86.Build.0 = Local Server|Win32
		{70C478A0-D35C-444B-9E2A-C6CC0CB94D81}.Release|x86.ActiveCfg = Release|Win32
		{70C478A0-D35C-444B-9E2A-C6CC0CB94D81}.Release|x86.Build.0 = Release|Win32
		{70C478A0-D35C-444B-9E2A-C6CC0CB94D81}.Template|x86.ActiveCfg = Template|Win32
		{70C478A0-D35C-444B-9E2A-C6CC0CB94D81}.Template|x86.Build.0 = Template|Win32
		{87DB2349-F897-485E-B8BE-F0CDAEA71E12}.Debug|x86.ActiveCfg = Debug|Win32
		{87DB2349-F897-485E-B8BE-F0CDAEA71E12}.Debug|x86.Build.0 = Debug|Win32
		{87DB2349-F897-485E-B8BE-F0CDAEA71E12}.Local Server Release|x86.ActiveCfg = Release|Win32
		{87DB2349-F897-485E-B8BE-F0CDAEA71E12}.Local Server Release|x86.Build.0 = Release|Win32
		{87DB2349-F897-485E-B8BE-F0CDAEA71E12}.Local Server|x86.ActiveCfg = Debug|Win32
		{87DB2349-F897-485E-B8BE-F0CDAEA71E12}.Local Server|x86.Build.0 = Debug|Win32
		{87DB2349-F897-485E-B8BE-F0CDAEA71E12}.Release|x86.ActiveCfg = Release|Win32
		{87DB2349-F897-485E-B8BE-F0CDAEA71E12}.Release|x86.Build.0 = Release|Win32
		{87DB2349-F897-485E-B8BE-F0CDAEA71E12}.Template|x86.ActiveCfg = Template|Win32
		{87DB2349-F897-485E-B8BE-F0CDAEA71E12}.Template|x86.Build.0 = Template|Win32
	EndGlobalSection
	GlobalSection(SolutionProperties) = preSolution
		HideSolutionNode = FALSE
	EndGlobalSection
	GlobalSection(ExtensibilityGlobals) = postSolution
		SolutionGuid = {C0C7DAB0-2EE3-40F9-92B1-37B9D0EEF70B}
	EndGlobalSection
EndGlobal
